
Microsoft Visual Studio Solution File, Format Version 12.00
# Visual Studio Version 17
VisualStudioVersion = 17.4.33205.214
MinimumVisualStudioVersion = 10.0.40219.1
Project("{FAE04EC0-301F-11D3-BF4B-00C04F79EFBC}") = "Barbari_UI", "Barbari_UI\Barbari_UI.csproj", "{7D964765-4B37-46D5-BB0C-0510BA2C5D88}"
EndProject
Project("{FAE04EC0-301F-11D3-BF4B-00C04F79EFBC}") = "Barbari_BLL", "Barbari_BLL\Barbari_BLL.csproj", "{E549A114-0BC6-4A86-801B-D487011A12EA}"
EndProject
Project("{FAE04EC0-301F-11D3-BF4B-00C04F79EFBC}") = "Barbari_DAL", "Barbari_DAL\Barbari_DAL.csproj", "{70B23C79-EE45-4BD5-A497-A2B553A2E15A}"
EndProject
Project("{FAE04EC0-301F-11D3-BF4B-00C04F79EFBC}") = "PersianToolkit", "..\PersianToolkit\PersianToolkit\PersianToolkit.csproj", "{A6A9C9F9-704B-4A3A-8B16-88021DA8F57F}"
EndProject
Global
	GlobalSection(SolutionConfigurationPlatforms) = preSolution
		Debug|Any CPU = Debug|Any CPU
		Release|Any CPU = Release|Any CPU
	EndGlobalSection
	GlobalSection(ProjectConfigurationPlatforms) = postSolution
		{7D964765-4B37-46D5-BB0C-0510BA2C5D88}.Debug|Any CPU.ActiveCfg = Debug|Any CPU
		{7D964765-4B37-46D5-BB0C-0510BA2C5D88}.Debug|Any CPU.Build.0 = Debug|Any CPU
		{7D964765-4B37-46D5-BB0C-0510BA2C5D88}.Release|Any CPU.ActiveCfg = Release|Any CPU
		{7D964765-4B37-46D5-BB0C-0510BA2C5D88}.Release|Any CPU.Build.0 = Release|Any CPU
		{E549A114-0BC6-4A86-801B-D487011A12EA}.Debug|Any CPU.ActiveCfg = Debug|Any CPU
		{E549A114-0BC6-4A86-801B-D487011A12EA}.Debug|Any CPU.Build.0 = Debug|Any CPU
		{E549A114-0BC6-4A86-801B-D487011A12EA}.Release|Any CPU.ActiveCfg = Release|Any CPU
		{E549A114-0BC6-4A86-801B-D487011A12EA}.Release|Any CPU.Build.0 = Release|Any CPU
		{70B23C79-EE45-4BD5-A497-A2B553A2E15A}.Debug|Any CPU.ActiveCfg = Debug|Any CPU
		{70B23C79-EE45-4BD5-A497-A2B553A2E15A}.Debug|Any CPU.Build.0 = Debug|Any CPU
		{70B23C79-EE45-4BD5-A497-A2B553A2E15A}.Release|Any CPU.ActiveCfg = Release|Any CPU
		{70B23C79-EE45-4BD5-A497-A2B553A2E15A}.Release|Any CPU.Build.0 = Release|Any CPU
		{A6A9C9F9-704B-4A3A-8B16-88021DA8F57F}.Debug|Any CPU.ActiveCfg = Debug|Any CPU
		{A6A9C9F9-704B-4A3A-8B16-88021DA8F57F}.Debug|Any CPU.Build.0 = Debug|Any CPU
		{A6A9C9F9-704B-4A3A-8B16-88021DA8F57F}.Release|Any CPU.ActiveCfg = Release|Any CPU
		{A6A9C9F9-704B-4A3A-8B16-88021DA8F57F}.Release|Any CPU.Build.0 = Release|Any CPU
	EndGlobalSection
	GlobalSection(SolutionProperties) = preSolution
		HideSolutionNode = FALSE
	EndGlobalSection
	GlobalSection(ExtensibilityGlobals) = postSolution
		SolutionGuid = {E869EAB0-384E-4EEA-BAD2-8A6CE44CF97B}
	EndGlobalSection
EndGlobal
